
Microsoft Visual Studio Solution File, Format Version 12.00
# Visual Studio 15
VisualStudioVersion = 15.0.26730.12
MinimumVisualStudioVersion = 10.0.40219.1
Project("{FAE04EC0-301F-11D3-BF4B-00C04F79EFBC}") = "Practicando_CSharp", "Practicando_CSharp\Practicando_CSharp.csproj", "{AAC94176-6DEA-433F-A990-4D824C054295}"
EndProject
Global
	GlobalSection(SolutionConfigurationPlatforms) = preSolution
		Debug|Any CPU = Debug|Any CPU
		Release|Any CPU = Release|Any CPU
	EndGlobalSection
	GlobalSection(ProjectConfigurationPlatforms) = postSolution
		{AAC94176-6DEA-433F-A990-4D824C054295}.Debug|Any CPU.ActiveCfg = Debug|Any CPU
		{AAC94176-6DEA-433F-A990-4D824C054295}.Debug|Any CPU.Build.0 = Debug|Any CPU
		{AAC94176-6DEA-433F-A990-4D824C054295}.Release|Any CPU.ActiveCfg = Release|Any CPU
		{AAC94176-6DEA-433F-A990-4D824C054295}.Release|Any CPU.Build.0 = Release|Any CPU
	EndGlobalSection
	GlobalSection(SolutionProperties) = preSolution
		HideSolutionNode = FALSE
	EndGlobalSection
	GlobalSection(ExtensibilityGlobals) = postSolution
		SolutionGuid = {C81EA2D4-118E-4CFA-ADE7-C8AD7645935A}
	EndGlobalSection
EndGlobal
